
Microsoft Visual Studio Solution File, Format Version 12.00
# Visual Studio Version 17
VisualStudioVersion = 17.0.31903.59
MinimumVisualStudioVersion = 10.0.40219.1
Project("{2150E333-8FDC-42A3-9474-1A3956D46DE8}") = "src", "src", "{827E0CD3-B72D-47B6-A68D-7590B98EB39B}"
EndProject
Project("{FAE04EC0-301F-11D3-BF4B-00C04F79EFBC}") = "WarehouseEPI.Web", "src\WarehouseEPI.Web\WarehouseEPI.Web.csproj", "{6726F4A7-33E7-49C0-BE07-3B7EE50F898B}"
EndProject
Project("{FAE04EC0-301F-11D3-BF4B-00C04F79EFBC}") = "WarehouseEPI.Core", "src\WarehouseEPI.Core\WarehouseEPI.Core.csproj", "{7C0B196C-A922-4D1F-AEFD-357A2C613BDE}"
EndProject
Project("{FAE04EC0-301F-11D3-BF4B-00C04F79EFBC}") = "WarehouseEPI.Infrastructure", "src\WarehouseEPI.Infrastructure\WarehouseEPI.Infrastructure.csproj", "{5F45376B-3387-4B2A-89D9-52A15E840994}"
EndProject
Project("{2150E333-8FDC-42A3-9474-1A3956D46DE8}") = "tests", "tests", "{0AB3BF05-4346-4AA6-1389-037BE0695223}"
EndProject
Project("{FAE04EC0-301F-11D3-BF4B-00C04F79EFBC}") = "WarehouseEPI.Tests", "tests\WarehouseEPI.Tests\WarehouseEPI.Tests.csproj", "{350210DE-4298-48C2-B118-D760141FF861}"
EndProject
Global
	GlobalSection(SolutionConfigurationPlatforms) = preSolution
		Debug|Any CPU = Debug|Any CPU
		Debug|x64 = Debug|x64
		Debug|x86 = Debug|x86
		Release|Any CPU = Release|Any CPU
		Release|x64 = Release|x64
		Release|x86 = Release|x86
	EndGlobalSection
	GlobalSection(ProjectConfigurationPlatforms) = postSolution
		{6726F4A7-33E7-49C0-BE07-3B7EE50F898B}.Debug|Any CPU.ActiveCfg = Debug|Any CPU
		{6726F4A7-33E7-49C0-BE07-3B7EE50F898B}.Debug|Any CPU.Build.0 = Debug|Any CPU
		{6726F4A7-33E7-49C0-BE07-3B7EE50F898B}.Debug|x64.ActiveCfg = Debug|Any CPU
		{6726F4A7-33E7-49C0-BE07-3B7EE50F898B}.Debug|x64.Build.0 = Debug|Any CPU
		{6726F4A7-33E7-49C0-BE07-3B7EE50F898B}.Debug|x86.ActiveCfg = Debug|Any CPU
		{6726F4A7-33E7-49C0-BE07-3B7EE50F898B}.Debug|x86.Build.0 = Debug|Any CPU
		{6726F4A7-33E7-49C0-BE07-3B7EE50F898B}.Release|Any CPU.ActiveCfg = Release|Any CPU
		{6726F4A7-33E7-49C0-BE07-3B7EE50F898B}.Release|Any CPU.Build.0 = Release|Any CPU
		{6726F4A7-33E7-49C0-BE07-3B7EE50F898B}.Release|x64.ActiveCfg = Release|Any CPU
		{6726F4A7-33E7-49C0-BE07-3B7EE50F898B}.Release|x64.Build.0 = Release|Any CPU
		{6726F4A7-33E7-49C0-BE07-3B7EE50F898B}.Release|x86.ActiveCfg = Release|Any CPU
		{6726F4A7-33E7-49C0-BE07-3B7EE50F898B}.Release|x86.Build.0 = Release|Any CPU
		{7C0B196C-A922-4D1F-AEFD-357A2C613BDE}.Debug|Any CPU.ActiveCfg = Debug|Any CPU
		{7C0B196C-A922-4D1F-AEFD-357A2C613BDE}.Debug|Any CPU.Build.0 = Debug|Any CPU
		{7C0B196C-A922-4D1F-AEFD-357A2C613BDE}.Debug|x64.ActiveCfg = Debug|Any CPU
		{7C0B196C-A922-4D1F-AEFD-357A2C613BDE}.Debug|x64.Build.0 = Debug|Any CPU
		{7C0B196C-A922-4D1F-AEFD-357A2C613BDE}.Debug|x86.ActiveCfg = Debug|Any CPU
		{7C0B196C-A922-4D1F-AEFD-357A2C613BDE}.Debug|x86.Build.0 = Debug|Any CPU
		{7C0B196C-A922-4D1F-AEFD-357A2C613BDE}.Release|Any CPU.ActiveCfg = Release|Any CPU
		{7C0B196C-A922-4D1F-AEFD-357A2C613BDE}.Release|Any CPU.Build.0 = Release|Any CPU
		{7C0B196C-A922-4D1F-AEFD-357A2C613BDE}.Release|x64.ActiveCfg = Release|Any CPU
		{7C0B196C-A922-4D1F-AEFD-357A2C613BDE}.Release|x64.Build.0 = Release|Any CPU
		{7C0B196C-A922-4D1F-AEFD-357A2C613BDE}.Release|x86.ActiveCfg = Release|Any CPU
		{7C0B196C-A922-4D1F-AEFD-357A2C613BDE}.Release|x86.Build.0 = Release|Any CPU
		{5F45376B-3387-4B2A-89D9-52A15E840994}.Debug|Any CPU.ActiveCfg = Debug|Any CPU
		{5F45376B-3387-4B2A-89D9-52A15E840994}.Debug|Any CPU.Build.0 = Debug|Any CPU
		{5F45376B-3387-4B2A-89D9-52A15E840994}.Debug|x64.ActiveCfg = Debug|Any CPU
		{5F45376B-3387-4B2A-89D9-52A15E840994}.Debug|x64.Build.0 = Debug|Any CPU
		{5F45376B-3387-4B2A-89D9-52A15E840994}.Debug|x86.ActiveCfg = Debug|Any CPU
		{5F45376B-3387-4B2A-89D9-52A15E840994}.Debug|x86.Build.0 = Debug|Any CPU
		{5F45376B-3387-4B2A-89D9-52A15E840994}.Release|Any CPU.ActiveCfg = Release|Any CPU
		{5F45376B-3387-4B2A-89D9-52A15E840994}.Release|Any CPU.Build.0 = Release|Any CPU
		{5F45376B-3387-4B2A-89D9-52A15E840994}.Release|x64.ActiveCfg = Release|Any CPU
		{5F45376B-3387-4B2A-89D9-52A15E840994}.Release|x64.Build.0 = Release|Any CPU
		{5F45376B-3387-4B2A-89D9-52A15E840994}.Release|x86.ActiveCfg = Release|Any CPU
		{5F45376B-3387-4B2A-89D9-52A15E840994}.Release|x86.Build.0 = Release|Any CPU
		{350210DE-4298-48C2-B118-D760141FF861}.Debug|Any CPU.ActiveCfg = Debug|Any CPU
		{350210DE-4298-48C2-B118-D760141FF861}.Debug|Any CPU.Build.0 = Debug|Any CPU
		{350210DE-4298-48C2-B118-D760141FF861}.Debug|x64.ActiveCfg = Debug|Any CPU
		{350210DE-4298-48C2-B118-D760141FF861}.Debug|x64.Build.0 = Debug|Any CPU
		{350210DE-4298-48C2-B118-D760141FF861}.Debug|x86.ActiveCfg = Debug|Any CPU
		{350210DE-4298-48C2-B118-D760141FF861}.Debug|x86.Build.0 = Debug|Any CPU
		{350210DE-4298-48C2-B118-D760141FF861}.Release|Any CPU.ActiveCfg = Release|Any CPU
		{350210DE-4298-48C2-B118-D760141FF861}.Release|Any CPU.Build.0 = Release|Any CPU
		{350210DE-4298-48C2-B118-D760141FF861}.Release|x64.ActiveCfg = Release|Any CPU
		{350210DE-4298-48C2-B118-D760141FF861}.Release|x64.Build.0 = Release|Any CPU
		{350210DE-4298-48C2-B118-D760141FF861}.Release|x86.ActiveCfg = Release|Any CPU
		{350210DE-4298-48C2-B118-D760141FF861}.Release|x86.Build.0 = Release|Any CPU
	EndGlobalSection
	GlobalSection(SolutionProperties) = preSolution
		HideSolutionNode = FALSE
	EndGlobalSection
	GlobalSection(NestedProjects) = preSolution
		{6726F4A7-33E7-49C0-BE07-3B7EE50F898B} = {827E0CD3-B72D-47B6-A68D-7590B98EB39B}
		{7C0B196C-A922-4D1F-AEFD-357A2C613BDE} = {827E0CD3-B72D-47B6-A68D-7590B98EB39B}
		{5F45376B-3387-4B2A-89D9-52A15E840994} = {827E0CD3-B72D-47B6-A68D-7590B98EB39B}
		{350210DE-4298-48C2-B118-D760141FF861} = {0AB3BF05-4346-4AA6-1389-037BE0695223}
	EndGlobalSection
EndGlobal
